
Microsoft Visual Studio Solution File, Format Version 12.00
# Visual Studio Version 17
VisualStudioVersion = 17.10.35122.118
MinimumVisualStudioVersion = 10.0.40219.1
Project("{FAE04EC0-301F-11D3-BF4B-00C04F79EFBC}") = "Smart_API", "Smart_API\Smart_API.csproj", "{EC7F0562-B667-4EE8-AEBB-525264CB5685}"
EndProject
Global
	GlobalSection(SolutionConfigurationPlatforms) = preSolution
		Debug|Any CPU = Debug|Any CPU
		Release|Any CPU = Release|Any CPU
	EndGlobalSection
	GlobalSection(ProjectConfigurationPlatforms) = postSolution
		{EC7F0562-B667-4EE8-AEBB-525264CB5685}.Debug|Any CPU.ActiveCfg = Debug|Any CPU
		{EC7F0562-B667-4EE8-AEBB-525264CB5685}.Debug|Any CPU.Build.0 = Debug|Any CPU
		{EC7F0562-B667-4EE8-AEBB-525264CB5685}.Release|Any CPU.ActiveCfg = Release|Any CPU
		{EC7F0562-B667-4EE8-AEBB-525264CB5685}.Release|Any CPU.Build.0 = Release|Any CPU
	EndGlobalSection
	GlobalSection(SolutionProperties) = preSolution
		HideSolutionNode = FALSE
	EndGlobalSection
	GlobalSection(ExtensibilityGlobals) = postSolution
		SolutionGuid = {1E2EF4A9-6B56-4721-AA90-25410873204B}
	EndGlobalSection
EndGlobal
